
Microsoft Visual Studio Solution File, Format Version 12.00
# Visual Studio Version 17
VisualStudioVersion = 17.7.34031.279
MinimumVisualStudioVersion = 10.0.40219.1
Project("{8BC9CEB8-8B4A-11D0-8D11-00A0C91BC942}") = "oop_6.1", "oop_6.1\oop_6.1.vcxproj", "{E3B26A79-6E2C-4228-902B-17C8B8717E11}"
EndProject
Project("{8BC9CEB8-8B4A-11D0-8D11-00A0C91BC942}") = "UnitTest1", "UnitTest1\UnitTest1.vcxproj", "{B5F4DA75-56B5-4E0F-9791-83DB59275738}"
EndProject
Global
	GlobalSection(SolutionConfigurationPlatforms) = preSolution
		Debug|x64 = Debug|x64
		Debug|x86 = Debug|x86
		Release|x64 = Release|x64
		Release|x86 = Release|x86
	EndGlobalSection
	GlobalSection(ProjectConfigurationPlatforms) = postSolution
		{E3B26A79-6E2C-4228-902B-17C8B8717E11}.Debug|x64.ActiveCfg = Debug|x64
		{E3B26A79-6E2C-4228-902B-17C8B8717E11}.Debug|x64.Build.0 = Debug|x64
		{E3B26A79-6E2C-4228-902B-17C8B8717E11}.Debug|x86.ActiveCfg = Debug|Win32
		{E3B26A79-6E2C-4228-902B-17C8B8717E11}.Debug|x86.Build.0 = Debug|Win32
		{E3B26A79-6E2C-4228-902B-17C8B8717E11}.Release|x64.ActiveCfg = Release|x64
		{E3B26A79-6E2C-4228-902B-17C8B8717E11}.Release|x64.Build.0 = Release|x64
		{E3B26A79-6E2C-4228-902B-17C8B8717E11}.Release|x86.ActiveCfg = Release|Win32
		{E3B26A79-6E2C-4228-902B-17C8B8717E11}.Release|x86.Build.0 = Release|Win32
		{B5F4DA75-56B5-4E0F-9791-83DB59275738}.Debug|x64.ActiveCfg = Debug|x64
		{B5F4DA75-56B5-4E0F-9791-83DB59275738}.Debug|x64.Build.0 = Debug|x64
		{B5F4DA75-56B5-4E0F-9791-83DB59275738}.Debug|x86.ActiveCfg = Debug|Win32
		{B5F4DA75-56B5-4E0F-9791-83DB59275738}.Debug|x86.Build.0 = Debug|Win32
		{B5F4DA75-56B5-4E0F-9791-83DB59275738}.Release|x64.ActiveCfg = Release|x64
		{B5F4DA75-56B5-4E0F-9791-83DB59275738}.Release|x64.Build.0 = Release|x64
		{B5F4DA75-56B5-4E0F-9791-83DB59275738}.Release|x86.ActiveCfg = Release|Win32
		{B5F4DA75-56B5-4E0F-9791-83DB59275738}.Release|x86.Build.0 = Release|Win32
	EndGlobalSection
	GlobalSection(SolutionProperties) = preSolution
		HideSolutionNode = FALSE
	EndGlobalSection
	GlobalSection(ExtensibilityGlobals) = postSolution
		SolutionGuid = {47BA660F-14A7-4A08-8743-9D6E77B3DE17}
	EndGlobalSection
EndGlobal
